
Microsoft Visual Studio Solution File, Format Version 12.00
# Visual Studio Version 16
VisualStudioVersion = 16.0.31515.178
MinimumVisualStudioVersion = 10.0.40219.1
Project("{FAE04EC0-301F-11D3-BF4B-00C04F79EFBC}") = "Directory", "Directory\Directory.csproj", "{F3F56EF4-C84C-472E-88C2-3C77903B87BF}"
EndProject
Project("{FAE04EC0-301F-11D3-BF4B-00C04F79EFBC}") = "ModelsLayer", "Models\ModelsLayer.csproj", "{35A3883C-4D29-4F70-BBAD-6DE27B892121}"
EndProject
Project("{FAE04EC0-301F-11D3-BF4B-00C04F79EFBC}") = "LogicLayer", "LogicLayer\LogicLayer.csproj", "{3FA23AA2-568C-40EB-B2D0-C2ADCB29B973}"
EndProject
Global
	GlobalSection(SolutionConfigurationPlatforms) = preSolution
		Debug|Any CPU = Debug|Any CPU
		Release|Any CPU = Release|Any CPU
	EndGlobalSection
	GlobalSection(ProjectConfigurationPlatforms) = postSolution
		{F3F56EF4-C84C-472E-88C2-3C77903B87BF}.Debug|Any CPU.ActiveCfg = Debug|Any CPU
		{F3F56EF4-C84C-472E-88C2-3C77903B87BF}.Debug|Any CPU.Build.0 = Debug|Any CPU
		{F3F56EF4-C84C-472E-88C2-3C77903B87BF}.Release|Any CPU.ActiveCfg = Release|Any CPU
		{F3F56EF4-C84C-472E-88C2-3C77903B87BF}.Release|Any CPU.Build.0 = Release|Any CPU
		{35A3883C-4D29-4F70-BBAD-6DE27B892121}.Debug|Any CPU.ActiveCfg = Debug|Any CPU
		{35A3883C-4D29-4F70-BBAD-6DE27B892121}.Debug|Any CPU.Build.0 = Debug|Any CPU
		{35A3883C-4D29-4F70-BBAD-6DE27B892121}.Release|Any CPU.ActiveCfg = Release|Any CPU
		{35A3883C-4D29-4F70-BBAD-6DE27B892121}.Release|Any CPU.Build.0 = Release|Any CPU
		{3FA23AA2-568C-40EB-B2D0-C2ADCB29B973}.Debug|Any CPU.ActiveCfg = Debug|Any CPU
		{3FA23AA2-568C-40EB-B2D0-C2ADCB29B973}.Debug|Any CPU.Build.0 = Debug|Any CPU
		{3FA23AA2-568C-40EB-B2D0-C2ADCB29B973}.Release|Any CPU.ActiveCfg = Release|Any CPU
		{3FA23AA2-568C-40EB-B2D0-C2ADCB29B973}.Release|Any CPU.Build.0 = Release|Any CPU
	EndGlobalSection
	GlobalSection(SolutionProperties) = preSolution
		HideSolutionNode = FALSE
	EndGlobalSection
	GlobalSection(ExtensibilityGlobals) = postSolution
		SolutionGuid = {BF13F48B-A547-4B41-A18C-3CD05D552418}
	EndGlobalSection
EndGlobal
